
Microsoft Visual Studio Solution File, Format Version 12.00
# Visual Studio Version 16
VisualStudioVersion = 16.0.30330.147
MinimumVisualStudioVersion = 10.0.40219.1
Project("{888888A0-9F3D-457C-B088-3A5042F75D52}") = "Bubble_sorting", "Bubble_sorting.pyproj", "{146A66C6-B82D-4A8F-B9CC-D812E144735D}"
EndProject
Global
	GlobalSection(SolutionConfigurationPlatforms) = preSolution
		Debug|Any CPU = Debug|Any CPU
		Release|Any CPU = Release|Any CPU
	EndGlobalSection
	GlobalSection(ProjectConfigurationPlatforms) = postSolution
		{146A66C6-B82D-4A8F-B9CC-D812E144735D}.Debug|Any CPU.ActiveCfg = Debug|Any CPU
		{146A66C6-B82D-4A8F-B9CC-D812E144735D}.Release|Any CPU.ActiveCfg = Release|Any CPU
	EndGlobalSection
	GlobalSection(SolutionProperties) = preSolution
		HideSolutionNode = FALSE
	EndGlobalSection
	GlobalSection(ExtensibilityGlobals) = postSolution
		SolutionGuid = {4A496E52-8A98-40D8-A93A-171F2F9C9763}
	EndGlobalSection
EndGlobal
