
Microsoft Visual Studio Solution File, Format Version 12.00
# Visual Studio Version 16
VisualStudioVersion = 16.0.30330.147
MinimumVisualStudioVersion = 10.0.40219.1
Project("{888888A0-9F3D-457C-B088-3A5042F75D52}") = "Python_Lists_4", "Python_Lists_4.pyproj", "{9BEDE998-EB97-4B30-BBC9-02CCEB8DC949}"
EndProject
Global
	GlobalSection(SolutionConfigurationPlatforms) = preSolution
		Debug|Any CPU = Debug|Any CPU
		Release|Any CPU = Release|Any CPU
	EndGlobalSection
	GlobalSection(ProjectConfigurationPlatforms) = postSolution
		{9BEDE998-EB97-4B30-BBC9-02CCEB8DC949}.Debug|Any CPU.ActiveCfg = Debug|Any CPU
		{9BEDE998-EB97-4B30-BBC9-02CCEB8DC949}.Release|Any CPU.ActiveCfg = Release|Any CPU
	EndGlobalSection
	GlobalSection(SolutionProperties) = preSolution
		HideSolutionNode = FALSE
	EndGlobalSection
	GlobalSection(ExtensibilityGlobals) = postSolution
		SolutionGuid = {6842BB86-BFA0-422B-8BFB-11C6031DE808}
	EndGlobalSection
EndGlobal
