
Microsoft Visual Studio Solution File, Format Version 12.00
# Visual Studio Version 16
VisualStudioVersion = 16.0.30330.147
MinimumVisualStudioVersion = 10.0.40219.1
Project("{888888A0-9F3D-457C-B088-3A5042F75D52}") = "Binary_search_method", "Binary_search_method.pyproj", "{5285215E-1650-4512-8C3A-5DD9DC6F1E42}"
EndProject
Global
	GlobalSection(SolutionConfigurationPlatforms) = preSolution
		Debug|Any CPU = Debug|Any CPU
		Release|Any CPU = Release|Any CPU
	EndGlobalSection
	GlobalSection(ProjectConfigurationPlatforms) = postSolution
		{5285215E-1650-4512-8C3A-5DD9DC6F1E42}.Debug|Any CPU.ActiveCfg = Debug|Any CPU
		{5285215E-1650-4512-8C3A-5DD9DC6F1E42}.Release|Any CPU.ActiveCfg = Release|Any CPU
	EndGlobalSection
	GlobalSection(SolutionProperties) = preSolution
		HideSolutionNode = FALSE
	EndGlobalSection
	GlobalSection(ExtensibilityGlobals) = postSolution
		SolutionGuid = {1453BFB9-D5DB-4B7C-92CB-B377CE01386D}
	EndGlobalSection
EndGlobal
